schema: '2.0'
stages:
  sentinel2_manifest:
    cmd: python scripts/ingest_sentinel2.py
    deps:
    - path: configs/ingestion.yaml
      hash: md5
      md5: 919e4885b63f143a2f8920fc42b290c8
      size: 967
    - path: configs/study_area.yaml
      hash: md5
      md5: 0c74940f8dd30f098203f2b537387511
      size: 621
    - path: scripts/ingest_sentinel2.py
      hash: md5
      md5: d6655d9120f99f8b9364863faeb03d52
      size: 806
    - path: src/canopyguard/config.py
      hash: md5
      md5: 6831473e26f947a6ceaed4378369f39e
      size: 2289
    - path: src/canopyguard/data/sentinel2.py
      hash: md5
      md5: ca643e9a1715f2a9716052ef4291fce3
      size: 5466
    - path: src/canopyguard/io.py
      hash: md5
      md5: ab7b17eb0ad191b37b379072d90e5aef
      size: 1130
    outs:
    - path: data/interim/sentinel2/mgrs-10seh/scene_manifest.json
      hash: md5
      md5: b651514000186ef1bdafed9b20e94178
      size: 1244248
  label_quality_2013_2022:
    cmd: python scripts/deduplicate_labels.py
    deps:
    - path: configs/lidar.yaml
      hash: md5
      md5: a84b3e55ac0abced621f7ed849602dd6
      size: 10149
    - path: data/interim/labels_2013-2022.npz
      hash: md5
      md5: 8bdc617ea17a1a77d60cf9f13b69cede
      size: 115322717
    - path: scripts/deduplicate_labels.py
      hash: md5
      md5: 42183a5e49363e87851ce358de739490
      size: 412
    - path: src/canopyguard/config.py
      hash: md5
      md5: 6831473e26f947a6ceaed4378369f39e
      size: 2289
    - path: src/canopyguard/io.py
      hash: md5
      md5: 7860402382d495aae9b8663a4567565f
      size: 2419
    - path: src/canopyguard/lidar/label_quality.py
      hash: md5
      md5: a83f5a4bf0cd07624064131c7787092c
      size: 5248
    outs:
    - path: data/processed/label_quality_2013-2022.json
      hash: md5
      md5: 118866402871ba22eb7dc1304fc5fac0
      size: 616
    - path: data/processed/labels_2013-2022_unique.npz
      hash: md5
      md5: 449032f5fcb1db0e54c9e455fe1b2cdf
      size: 111596240
